// !$*UTF8*$!
{
	archiveVersion = 1;
	classes = {
	};
	objectVersion = 50;
	objects = {

/* Begin PBXBuildFile section */
		3323174AE8C45C041874DCBE /* Pods_smack.framework in Frameworks */ = {isa = PBXBuildFile; fileRef = 7B1F7F6FF8EB9A12F5A4A218 /* Pods_smack.framework */; };
		B59B36B721980A35002D29E3 /* SWRevealViewController.m in Sources */ = {isa = PBXBuildFile; fileRef = B59B36B621980A35002D29E3 /* SWRevealViewController.m */; };
		B59B36BC2198495A002D29E3 /* ChatViewController.swift in Sources */ = {isa = PBXBuildFile; fileRef = B59B36BB2198495A002D29E3 /* ChatViewController.swift */; };
		B59B36BE2198496A002D29E3 /* ChannelViewController.swift in Sources */ = {isa = PBXBuildFile; fileRef = B59B36BD2198496A002D29E3 /* ChannelViewController.swift */; };
		B59B36C02198916F002D29E3 /* GradientView.swift in Sources */ = {isa = PBXBuildFile; fileRef = B59B36BF2198916F002D29E3 /* GradientView.swift */; };
		B5B393C5219ADF81000D68EB /* LoginViewController.swift in Sources */ = {isa = PBXBuildFile; fileRef = B5B393C4219ADF81000D68EB /* LoginViewController.swift */; };
		B5B393C7219AE752000D68EB /* CreateAccountViewController.swift in Sources */ = {isa = PBXBuildFile; fileRef = B5B393C6219AE752000D68EB /* CreateAccountViewController.swift */; };
		B5CCCA172197E73700BA216E /* AppDelegate.swift in Sources */ = {isa = PBXBuildFile; fileRef = B5CCCA162197E73700BA216E /* AppDelegate.swift */; };
		B5CCCA1C2197E73700BA216E /* Main.storyboard in Resources */ = {isa = PBXBuildFile; fileRef = B5CCCA1A2197E73700BA216E /* Main.storyboard */; };
		B5CCCA1E2197E73A00BA216E /* Assets.xcassets in Resources */ = {isa = PBXBuildFile; fileRef = B5CCCA1D2197E73A00BA216E /* Assets.xcassets */; };
		B5CCCA212197E73A00BA216E /* LaunchScreen.storyboard in Resources */ = {isa = PBXBuildFile; fileRef = B5CCCA1F2197E73A00BA216E /* LaunchScreen.storyboard */; };
		B5F2C7832199BF4D002AB1FF /* Stawix - SoinSansNeue-ExtraLightItalic.otf in Resources */ = {isa = PBXBuildFile; fileRef = B5F2C7712199BF4B002AB1FF /* Stawix - SoinSansNeue-ExtraLightItalic.otf */; };
		B5F2C7842199BF4D002AB1FF /* Stawix - SoinSansNeue-BoldItalic.otf in Resources */ = {isa = PBXBuildFile; fileRef = B5F2C7722199BF4B002AB1FF /* Stawix - SoinSansNeue-BoldItalic.otf */; };
		B5F2C7852199BF4D002AB1FF /* Stawix - SoinSansNeue-HeavyItalic.otf in Resources */ = {isa = PBXBuildFile; fileRef = B5F2C7732199BF4B002AB1FF /* Stawix - SoinSansNeue-HeavyItalic.otf */; };
		B5F2C7862199BF4D002AB1FF /* Stawix - SoinSansNeue-ExtraLight.otf in Resources */ = {isa = PBXBuildFile; fileRef = B5F2C7742199BF4C002AB1FF /* Stawix - SoinSansNeue-ExtraLight.otf */; };
		B5F2C7872199BF4D002AB1FF /* Stawix - SoinSansNeue-BlackItalic.otf in Resources */ = {isa = PBXBuildFile; fileRef = B5F2C7752199BF4C002AB1FF /* Stawix - SoinSansNeue-BlackItalic.otf */; };
		B5F2C7882199BF4D002AB1FF /* Stawix - SoinSansNeue-LightItalic.otf in Resources */ = {isa = PBXBuildFile; fileRef = B5F2C7762199BF4C002AB1FF /* Stawix - SoinSansNeue-LightItalic.otf */; };
		B5F2C7892199BF4D002AB1FF /* Stawix - SoinSansNeue-Thin.otf in Resources */ = {isa = PBXBuildFile; fileRef = B5F2C7772199BF4C002AB1FF /* Stawix - SoinSansNeue-Thin.otf */; };
		B5F2C78A2199BF4D002AB1FF /* Stawix - SoinSansNeue-Roman.otf in Resources */ = {isa = PBXBuildFile; fileRef = B5F2C7782199BF4C002AB1FF /* Stawix - SoinSansNeue-Roman.otf */; };
		B5F2C78B2199BF4D002AB1FF /* Stawix - SoinSansNeue-Medium.otf in Resources */ = {isa = PBXBuildFile; fileRef = B5F2C7792199BF4C002AB1FF /* Stawix - SoinSansNeue-Medium.otf */; };
		B5F2C78C2199BF4D002AB1FF /* Stawix - SoinSansNeue-HairlineItalic.otf in Resources */ = {isa = PBXBuildFile; fileRef = B5F2C77A2199BF4C002AB1FF /* Stawix - SoinSansNeue-HairlineItalic.otf */; };
		B5F2C78D2199BF4D002AB1FF /* Stawix - SoinSansNeue-Italic.otf in Resources */ = {isa = PBXBuildFile; fileRef = B5F2C77B2199BF4C002AB1FF /* Stawix - SoinSansNeue-Italic.otf */; };
		B5F2C78E2199BF4D002AB1FF /* Stawix - SoinSansNeue-Bold.otf in Resources */ = {isa = PBXBuildFile; fileRef = B5F2C77C2199BF4C002AB1FF /* Stawix - SoinSansNeue-Bold.otf */; };
		B5F2C78F2199BF4D002AB1FF /* Stawix - SoinSansNeue-MediumItalic.otf in Resources */ = {isa = PBXBuildFile; fileRef = B5F2C77D2199BF4C002AB1FF /* Stawix - SoinSansNeue-MediumItalic.otf */; };
		B5F2C7902199BF4D002AB1FF /* Stawix - SoinSansNeue-Light.otf in Resources */ = {isa = PBXBuildFile; fileRef = B5F2C77E2199BF4D002AB1FF /* Stawix - SoinSansNeue-Light.otf */; };
		B5F2C7912199BF4D002AB1FF /* Stawix - SoinSansNeue-Heavy.otf in Resources */ = {isa = PBXBuildFile; fileRef = B5F2C77F2199BF4D002AB1FF /* Stawix - SoinSansNeue-Heavy.otf */; };
		B5F2C7922199BF4D002AB1FF /* Stawix - SoinSansNeue-Hairline.otf in Resources */ = {isa = PBXBuildFile; fileRef = B5F2C7802199BF4D002AB1FF /* Stawix - SoinSansNeue-Hairline.otf */; };
		B5F2C7932199BF4D002AB1FF /* Stawix - SoinSansNeue-ThinItalic.otf in Resources */ = {isa = PBXBuildFile; fileRef = B5F2C7812199BF4D002AB1FF /* Stawix - SoinSansNeue-ThinItalic.otf */; };
		B5F2C7942199BF4D002AB1FF /* Stawix - SoinSansNeue-Black.otf in Resources */ = {isa = PBXBuildFile; fileRef = B5F2C7822199BF4D002AB1FF /* Stawix - SoinSansNeue-Black.otf */; };
		B5F2C797219AD1F8002AB1FF /* Constants.swift in Sources */ = {isa = PBXBuildFile; fileRef = B5F2C796219AD1F7002AB1FF /* Constants.swift */; };
/* End PBXBuildFile section */

/* Begin PBXFileReference section */
		1505B79F2B38EED98A2B65B1 /* Pods-smack.release.xcconfig */ = {isa = PBXFileReference; includeInIndex = 1; lastKnownFileType = text.xcconfig; name = "Pods-smack.release.xcconfig"; path = "Pods/Target Support Files/Pods-smack/Pods-smack.release.xcconfig"; sourceTree = "<group>"; };
		6980E48A566AAB9D1C237DB7 /* Pods-smack.debug.xcconfig */ = {isa = PBXFileReference; includeInIndex = 1; lastKnownFileType = text.xcconfig; name = "Pods-smack.debug.xcconfig"; path = "Pods/Target Support Files/Pods-smack/Pods-smack.debug.xcconfig"; sourceTree = "<group>"; };
		7B1F7F6FF8EB9A12F5A4A218 /* Pods_smack.framework */ = {isa = PBXFileReference; explicitFileType = wrapper.framework; includeInIndex = 0; path = Pods_smack.framework; sourceTree = BUILT_PRODUCTS_DIR; };
		B59B36B421980A33002D29E3 /* smack-Bridging-Header.h */ = {isa = PBXFileReference; lastKnownFileType = sourcecode.c.h; path = "smack-Bridging-Header.h"; sourceTree = "<group>"; };
		B59B36B521980A35002D29E3 /* SWRevealViewController.h */ = {isa = PBXFileReference; fileEncoding = 4; lastKnownFileType = sourcecode.c.h; name = SWRevealViewController.h; path = "Smack Assets/SWReveal/SWRevealViewController.h"; sourceTree = SOURCE_ROOT; };
		B59B36B621980A35002D29E3 /* SWRevealViewController.m */ = {isa = PBXFileReference; fileEncoding = 4; lastKnownFileType = sourcecode.c.objc; name = SWRevealViewController.m; path = "Smack Assets/SWReveal/SWRevealViewController.m"; sourceTree = SOURCE_ROOT; };
		B59B36BB2198495A002D29E3 /* ChatViewController.swift */ = {isa = PBXFileReference; lastKnownFileType = sourcecode.swift; path = ChatViewController.swift; sourceTree = "<group>"; };
		B59B36BD2198496A002D29E3 /* ChannelViewController.swift */ = {isa = PBXFileReference; lastKnownFileType = sourcecode.swift; path = ChannelViewController.swift; sourceTree = "<group>"; };
		B59B36BF2198916F002D29E3 /* GradientView.swift */ = {isa = PBXFileReference; lastKnownFileType = sourcecode.swift; path = GradientView.swift; sourceTree = "<group>"; };
		B5B393C4219ADF81000D68EB /* LoginViewController.swift */ = {isa = PBXFileReference; lastKnownFileType = sourcecode.swift; path = LoginViewController.swift; sourceTree = "<group>"; };
		B5B393C6219AE752000D68EB /* CreateAccountViewController.swift */ = {isa = PBXFileReference; lastKnownFileType = sourcecode.swift; path = CreateAccountViewController.swift; sourceTree = "<group>"; };
		B5CCCA132197E73700BA216E /* smack.app */ = {isa = PBXFileReference; explicitFileType = wrapper.application; includeInIndex = 0; path = smack.app; sourceTree = BUILT_PRODUCTS_DIR; };
		B5CCCA162197E73700BA216E /* AppDelegate.swift */ = {isa = PBXFileReference; lastKnownFileType = sourcecode.swift; path = AppDelegate.swift; sourceTree = "<group>"; };
		B5CCCA1B2197E73700BA216E /* Base */ = {isa = PBXFileReference; lastKnownFileType = file.storyboard; name = Base; path = Base.lproj/Main.storyboard; sourceTree = "<group>"; };
		B5CCCA1D2197E73A00BA216E /* Assets.xcassets */ = {isa = PBXFileReference; lastKnownFileType = folder.assetcatalog; path = Assets.xcassets; sourceTree = "<group>"; };
		B5CCCA202197E73A00BA216E /* Base */ = {isa = PBXFileReference; lastKnownFileType = file.storyboard; name = Base; path = Base.lproj/LaunchScreen.storyboard; sourceTree = "<group>"; };
		B5CCCA222197E73A00BA216E /* Info.plist */ = {isa = PBXFileReference; lastKnownFileType = text.plist.xml; path = Info.plist; sourceTree = "<group>"; };
		B5F2C7712199BF4B002AB1FF /* Stawix - SoinSansNeue-ExtraLightItalic.otf */ = {isa = PBXFileReference; lastKnownFileType = file; path = "Stawix - SoinSansNeue-ExtraLightItalic.otf"; sourceTree = "<group>"; };
		B5F2C7722199BF4B002AB1FF /* Stawix - SoinSansNeue-BoldItalic.otf */ = {isa = PBXFileReference; lastKnownFileType = file; path = "Stawix - SoinSansNeue-BoldItalic.otf"; sourceTree = "<group>"; };
		B5F2C7732199BF4B002AB1FF /* Stawix - SoinSansNeue-HeavyItalic.otf */ = {isa = PBXFileReference; lastKnownFileType = file; path = "Stawix - SoinSansNeue-HeavyItalic.otf"; sourceTree = "<group>"; };
		B5F2C7742199BF4C002AB1FF /* Stawix - SoinSansNeue-ExtraLight.otf */ = {isa = PBXFileReference; lastKnownFileType = file; path = "Stawix - SoinSansNeue-ExtraLight.otf"; sourceTree = "<group>"; };
		B5F2C7752199BF4C002AB1FF /* Stawix - SoinSansNeue-BlackItalic.otf */ = {isa = PBXFileReference; lastKnownFileType = file; path = "Stawix - SoinSansNeue-BlackItalic.otf"; sourceTree = "<group>"; };
		B5F2C7762199BF4C002AB1FF /* Stawix - SoinSansNeue-LightItalic.otf */ = {isa = PBXFileReference; lastKnownFileType = file; path = "Stawix - SoinSansNeue-LightItalic.otf"; sourceTree = "<group>"; };
		B5F2C7772199BF4C002AB1FF /* Stawix - SoinSansNeue-Thin.otf */ = {isa = PBXFileReference; lastKnownFileType = file; path = "Stawix - SoinSansNeue-Thin.otf"; sourceTree = "<group>"; };
		B5F2C7782199BF4C002AB1FF /* Stawix - SoinSansNeue-Roman.otf */ = {isa = PBXFileReference; lastKnownFileType = file; path = "Stawix - SoinSansNeue-Roman.otf"; sourceTree = "<group>"; };
		B5F2C7792199BF4C002AB1FF /* Stawix - SoinSansNeue-Medium.otf */ = {isa = PBXFileReference; lastKnownFileType = file; path = "Stawix - SoinSansNeue-Medium.otf"; sourceTree = "<group>"; };
		B5F2C77A2199BF4C002AB1FF /* Stawix - SoinSansNeue-HairlineItalic.otf */ = {isa = PBXFileReference; lastKnownFileType = file; path = "Stawix - SoinSansNeue-HairlineItalic.otf"; sourceTree = "<group>"; };
		B5F2C77B2199BF4C002AB1FF /* Stawix - SoinSansNeue-Italic.otf */ = {isa = PBXFileReference; lastKnownFileType = file; path = "Stawix - SoinSansNeue-Italic.otf"; sourceTree = "<group>"; };
		B5F2C77C2199BF4C002AB1FF /* Stawix - SoinSansNeue-Bold.otf */ = {isa = PBXFileReference; lastKnownFileType = file; path = "Stawix - SoinSansNeue-Bold.otf"; sourceTree = "<group>"; };
		B5F2C77D2199BF4C002AB1FF /* Stawix - SoinSansNeue-MediumItalic.otf */ = {isa = PBXFileReference; lastKnownFileType = file; path = "Stawix - SoinSansNeue-MediumItalic.otf"; sourceTree = "<group>"; };
		B5F2C77E2199BF4D002AB1FF /* Stawix - SoinSansNeue-Light.otf */ = {isa = PBXFileReference; lastKnownFileType = file; path = "Stawix - SoinSansNeue-Light.otf"; sourceTree = "<group>"; };
		B5F2C77F2199BF4D002AB1FF /* Stawix - SoinSansNeue-Heavy.otf */ = {isa = PBXFileReference; lastKnownFileType = file; path = "Stawix - SoinSansNeue-Heavy.otf"; sourceTree = "<group>"; };
		B5F2C7802199BF4D002AB1FF /* Stawix - SoinSansNeue-Hairline.otf */ = {isa = PBXFileReference; lastKnownFileType = file; path = "Stawix - SoinSansNeue-Hairline.otf"; sourceTree = "<group>"; };
		B5F2C7812199BF4D002AB1FF /* Stawix - SoinSansNeue-ThinItalic.otf */ = {isa = PBXFileReference; lastKnownFileType = file; path = "Stawix - SoinSansNeue-ThinItalic.otf"; sourceTree = "<group>"; };
		B5F2C7822199BF4D002AB1FF /* Stawix - SoinSansNeue-Black.otf */ = {isa = PBXFileReference; lastKnownFileType = file; path = "Stawix - SoinSansNeue-Black.otf"; sourceTree = "<group>"; };
		B5F2C796219AD1F7002AB1FF /* Constants.swift */ = {isa = PBXFileReference; lastKnownFileType = sourcecode.swift; path = Constants.swift; sourceTree = "<group>"; };
/* End PBXFileReference section */

/* Begin PBXFrameworksBuildPhase section */
		B5CCCA102197E73700BA216E /* Frameworks */ = {
			isa = PBXFrameworksBuildPhase;
			buildActionMask = 2147483647;
			files = (
				3323174AE8C45C041874DCBE /* Pods_smack.framework in Frameworks */,
			);
			runOnlyForDeploymentPostprocessing = 0;
		};
/* End PBXFrameworksBuildPhase section */

/* Begin PBXGroup section */
		3F94EDDA43769C516C8767DD /* Frameworks */ = {
			isa = PBXGroup;
			children = (
				7B1F7F6FF8EB9A12F5A4A218 /* Pods_smack.framework */,
			);
			name = Frameworks;
			sourceTree = "<group>";
		};
		684288DDA6BE0788291138E4 /* Pods */ = {
			isa = PBXGroup;
			children = (
				6980E48A566AAB9D1C237DB7 /* Pods-smack.debug.xcconfig */,
				1505B79F2B38EED98A2B65B1 /* Pods-smack.release.xcconfig */,
			);
			name = Pods;
			sourceTree = "<group>";
		};
		B59B36B321980A1D002D29E3 /* Supporting Files */ = {
			isa = PBXGroup;
			children = (
				B59B36B521980A35002D29E3 /* SWRevealViewController.h */,
				B59B36B621980A35002D29E3 /* SWRevealViewController.m */,
				B59B36B421980A33002D29E3 /* smack-Bridging-Header.h */,
			);
			path = "Supporting Files";
			sourceTree = "<group>";
		};
		B59B36B82198492D002D29E3 /* Controller */ = {
			isa = PBXGroup;
			children = (
				B59B36BB2198495A002D29E3 /* ChatViewController.swift */,
				B59B36BD2198496A002D29E3 /* ChannelViewController.swift */,
				B5B393C4219ADF81000D68EB /* LoginViewController.swift */,
				B5B393C6219AE752000D68EB /* CreateAccountViewController.swift */,
			);
			path = Controller;
			sourceTree = "<group>";
		};
		B59B36B921984935002D29E3 /* Model */ = {
			isa = PBXGroup;
			children = (
			);
			path = Model;
			sourceTree = "<group>";
		};
		B59B36BA21984939002D29E3 /* View */ = {
			isa = PBXGroup;
			children = (
				B59B36BF2198916F002D29E3 /* GradientView.swift */,
			);
			path = View;
			sourceTree = "<group>";
		};
		B5CCCA0A2197E73700BA216E = {
			isa = PBXGroup;
			children = (
				B5CCCA152197E73700BA216E /* smack */,
				B5CCCA142197E73700BA216E /* Products */,
				684288DDA6BE0788291138E4 /* Pods */,
				3F94EDDA43769C516C8767DD /* Frameworks */,
			);
			sourceTree = "<group>";
		};
		B5CCCA142197E73700BA216E /* Products */ = {
			isa = PBXGroup;
			children = (
				B5CCCA132197E73700BA216E /* smack.app */,
			);
			name = Products;
			sourceTree = "<group>";
		};
		B5CCCA152197E73700BA216E /* smack */ = {
			isa = PBXGroup;
			children = (
				B5F2C795219AD1E1002AB1FF /* Utilities */,
				B5F2C7702199BF2E002AB1FF /* font */,
				B59B36B921984935002D29E3 /* Model */,
				B59B36BA21984939002D29E3 /* View */,
				B59B36B82198492D002D29E3 /* Controller */,
				B59B36B321980A1D002D29E3 /* Supporting Files */,
				B5CCCA162197E73700BA216E /* AppDelegate.swift */,
				B5CCCA1A2197E73700BA216E /* Main.storyboard */,
				B5CCCA1D2197E73A00BA216E /* Assets.xcassets */,
				B5CCCA1F2197E73A00BA216E /* LaunchScreen.storyboard */,
				B5CCCA222197E73A00BA216E /* Info.plist */,
			);
			path = smack;
			sourceTree = "<group>";
		};
		B5F2C7702199BF2E002AB1FF /* font */ = {
			isa = PBXGroup;
			children = (
				B5F2C7822199BF4D002AB1FF /* Stawix - SoinSansNeue-Black.otf */,
				B5F2C7752199BF4C002AB1FF /* Stawix - SoinSansNeue-BlackItalic.otf */,
				B5F2C77C2199BF4C002AB1FF /* Stawix - SoinSansNeue-Bold.otf */,
				B5F2C7722199BF4B002AB1FF /* Stawix - SoinSansNeue-BoldItalic.otf */,
				B5F2C7742199BF4C002AB1FF /* Stawix - SoinSansNeue-ExtraLight.otf */,
				B5F2C7712199BF4B002AB1FF /* Stawix - SoinSansNeue-ExtraLightItalic.otf */,
				B5F2C7802199BF4D002AB1FF /* Stawix - SoinSansNeue-Hairline.otf */,
				B5F2C77A2199BF4C002AB1FF /* Stawix - SoinSansNeue-HairlineItalic.otf */,
				B5F2C77F2199BF4D002AB1FF /* Stawix - SoinSansNeue-Heavy.otf */,
				B5F2C7732199BF4B002AB1FF /* Stawix - SoinSansNeue-HeavyItalic.otf */,
				B5F2C77B2199BF4C002AB1FF /* Stawix - SoinSansNeue-Italic.otf */,
				B5F2C77E2199BF4D002AB1FF /* Stawix - SoinSansNeue-Light.otf */,
				B5F2C7762199BF4C002AB1FF /* Stawix - SoinSansNeue-LightItalic.otf */,
				B5F2C7792199BF4C002AB1FF /* Stawix - SoinSansNeue-Medium.otf */,
				B5F2C77D2199BF4C002AB1FF /* Stawix - SoinSansNeue-MediumItalic.otf */,
				B5F2C7782199BF4C002AB1FF /* Stawix - SoinSansNeue-Roman.otf */,
				B5F2C7772199BF4C002AB1FF /* Stawix - SoinSansNeue-Thin.otf */,
				B5F2C7812199BF4D002AB1FF /* Stawix - SoinSansNeue-ThinItalic.otf */,
			);
			path = font;
			sourceTree = "<group>";
		};
		B5F2C795219AD1E1002AB1FF /* Utilities */ = {
			isa = PBXGroup;
			children = (
				B5F2C796219AD1F7002AB1FF /* Constants.swift */,
			);
			path = Utilities;
			sourceTree = "<group>";
		};
/* End PBXGroup section */

/* Begin PBXNativeTarget section */
		B5CCCA122197E73700BA216E /* smack */ = {
			isa = PBXNativeTarget;
			buildConfigurationList = B5CCCA252197E73A00BA216E /* Build configuration list for PBXNativeTarget "smack" */;
			buildPhases = (
				9CCC44A9A1ED790CA3708774 /* [CP] Check Pods Manifest.lock */,
				B5CCCA0F2197E73700BA216E /* Sources */,
				B5CCCA102197E73700BA216E /* Frameworks */,
				B5CCCA112197E73700BA216E /* Resources */,
				B364102324277C4C1D367A76 /* [CP] Embed Pods Frameworks */,
			);
			buildRules = (
			);
			dependencies = (
			);
			name = smack;
			productName = smack;
			productReference = B5CCCA132197E73700BA216E /* smack.app */;
			productType = "com.apple.product-type.application";
		};
/* End PBXNativeTarget section */

/* Begin PBXProject section */
		B5CCCA0B2197E73700BA216E /* Project object */ = {
			isa = PBXProject;
			attributes = {
				LastSwiftUpdateCheck = 1010;
				LastUpgradeCheck = 1010;
				ORGANIZATIONNAME = "Sean Saoirse";
				TargetAttributes = {
					B5CCCA122197E73700BA216E = {
						CreatedOnToolsVersion = 10.1;
						LastSwiftMigration = 1010;
					};
				};
			};
			buildConfigurationList = B5CCCA0E2197E73700BA216E /* Build configuration list for PBXProject "smack" */;
			compatibilityVersion = "Xcode 9.3";
			developmentRegion = en;
			hasScannedForEncodings = 0;
			knownRegions = (
				en,
				Base,
			);
			mainGroup = B5CCCA0A2197E73700BA216E;
			productRefGroup = B5CCCA142197E73700BA216E /* Products */;
			projectDirPath = "";
			projectRoot = "";
			targets = (
				B5CCCA122197E73700BA216E /* smack */,
			);
		};
/* End PBXProject section */

/* Begin PBXResourcesBuildPhase section */
		B5CCCA112197E73700BA216E /* Resources */ = {
			isa = PBXResourcesBuildPhase;
			buildActionMask = 2147483647;
			files = (
				B5F2C7832199BF4D002AB1FF /* Stawix - SoinSansNeue-ExtraLightItalic.otf in Resources */,
				B5CCCA212197E73A00BA216E /* LaunchScreen.storyboard in Resources */,
				B5F2C78B2199BF4D002AB1FF /* Stawix - SoinSansNeue-Medium.otf in Resources */,
				B5F2C7882199BF4D002AB1FF /* Stawix - SoinSansNeue-LightItalic.otf in Resources */,
				B5F2C7912199BF4D002AB1FF /* Stawix - SoinSansNeue-Heavy.otf in Resources */,
				B5F2C7892199BF4D002AB1FF /* Stawix - SoinSansNeue-Thin.otf in Resources */,
				B5F2C78A2199BF4D002AB1FF /* Stawix - SoinSansNeue-Roman.otf in Resources */,
				B5F2C78E2199BF4D002AB1FF /* Stawix - SoinSansNeue-Bold.otf in Resources */,
				B5F2C7852199BF4D002AB1FF /* Stawix - SoinSansNeue-HeavyItalic.otf in Resources */,
				B5CCCA1E2197E73A00BA216E /* Assets.xcassets in Resources */,
				B5F2C78F2199BF4D002AB1FF /* Stawix - SoinSansNeue-MediumItalic.otf in Resources */,
				B5F2C7902199BF4D002AB1FF /* Stawix - SoinSansNeue-Light.otf in Resources */,
				B5F2C78D2199BF4D002AB1FF /* Stawix - SoinSansNeue-Italic.otf in Resources */,
				B5F2C7932199BF4D002AB1FF /* Stawix - SoinSansNeue-ThinItalic.otf in Resources */,
				B5F2C78C2199BF4D002AB1FF /* Stawix - SoinSansNeue-HairlineItalic.otf in Resources */,
				B5F2C7872199BF4D002AB1FF /* Stawix - SoinSansNeue-BlackItalic.otf in Resources */,
				B5F2C7862199BF4D002AB1FF /* Stawix - SoinSansNeue-ExtraLight.otf in Resources */,
				B5F2C7842199BF4D002AB1FF /* Stawix - SoinSansNeue-BoldItalic.otf in Resources */,
				B5F2C7942199BF4D002AB1FF /* Stawix - SoinSansNeue-Black.otf in Resources */,
				B5CCCA1C2197E73700BA216E /* Main.storyboard in Resources */,
				B5F2C7922199BF4D002AB1FF /* Stawix - SoinSansNeue-Hairline.otf in Resources */,
			);
			runOnlyForDeploymentPostprocessing = 0;
		};
/* End PBXResourcesBuildPhase section */

/* Begin PBXShellScriptBuildPhase section */
		9CCC44A9A1ED790CA3708774 /* [CP] Check Pods Manifest.lock */ = {
			isa = PBXShellScriptBuildPhase;
			buildActionMask = 2147483647;
			files = (
			);
			inputPaths = (
				"${PODS_PODFILE_DIR_PATH}/Podfile.lock",
				"${PODS_ROOT}/Manifest.lock",
			);
			name = "[CP] Check Pods Manifest.lock";
			outputPaths = (
				"$(DERIVED_FILE_DIR)/Pods-smack-checkManifestLockResult.txt",
			);
			runOnlyForDeploymentPostprocessing = 0;
			shellPath = /bin/sh;
			shellScript = "diff \"${PODS_PODFILE_DIR_PATH}/Podfile.lock\" \"${PODS_ROOT}/Manifest.lock\" > /dev/null\nif [ $? != 0 ] ; then\n    # print error to STDERR\n    echo \"error: The sandbox is not in sync with the Podfile.lock. Run 'pod install' or update your CocoaPods installation.\" >&2\n    exit 1\nfi\n# This output is used by Xcode 'outputs' to avoid re-running this script phase.\necho \"SUCCESS\" > \"${SCRIPT_OUTPUT_FILE_0}\"\n";
			showEnvVarsInLog = 0;
		};
		B364102324277C4C1D367A76 /* [CP] Embed Pods Frameworks */ = {
			isa = PBXShellScriptBuildPhase;
			buildActionMask = 2147483647;
			files = (
			);
			inputPaths = (
				"${SRCROOT}/Pods/Target Support Files/Pods-smack/Pods-smack-frameworks.sh",
				"${BUILT_PRODUCTS_DIR}/Alamofire/Alamofire.framework",
				"${BUILT_PRODUCTS_DIR}/Socket.IO-Client-Swift/SocketIO.framework",
				"${BUILT_PRODUCTS_DIR}/Starscream/Starscream.framework",
				"${BUILT_PRODUCTS_DIR}/SwiftyJSON/SwiftyJSON.framework",
			);
			name = "[CP] Embed Pods Frameworks";
			outputPaths = (
				"${TARGET_BUILD_DIR}/${FRAMEWORKS_FOLDER_PATH}/Alamofire.framework",
				"${TARGET_BUILD_DIR}/${FRAMEWORKS_FOLDER_PATH}/SocketIO.framework",
				"${TARGET_BUILD_DIR}/${FRAMEWORKS_FOLDER_PATH}/Starscream.framework",
				"${TARGET_BUILD_DIR}/${FRAMEWORKS_FOLDER_PATH}/SwiftyJSON.framework",
			);
			runOnlyForDeploymentPostprocessing = 0;
			shellPath = /bin/sh;
			shellScript = "\"${SRCROOT}/Pods/Target Support Files/Pods-smack/Pods-smack-frameworks.sh\"\n";
			showEnvVarsInLog = 0;
		};
/* End PBXShellScriptBuildPhase section */

/* Begin PBXSourcesBuildPhase section */
		B5CCCA0F2197E73700BA216E /* Sources */ = {
			isa = PBXSourcesBuildPhase;
			buildActionMask = 2147483647;
			files = (
				B5B393C5219ADF81000D68EB /* LoginViewController.swift in Sources */,
				B5CCCA172197E73700BA216E /* AppDelegate.swift in Sources */,
				B59B36BC2198495A002D29E3 /* ChatViewController.swift in Sources */,
				B59B36C02198916F002D29E3 /* GradientView.swift in Sources */,
				B5B393C7219AE752000D68EB /* CreateAccountViewController.swift in Sources */,
				B59B36BE2198496A002D29E3 /* ChannelViewController.swift in Sources */,
				B59B36B721980A35002D29E3 /* SWRevealViewController.m in Sources */,
				B5F2C797219AD1F8002AB1FF /* Constants.swift in Sources */,
			);
			runOnlyForDeploymentPostprocessing = 0;
		};
/* End PBXSourcesBuildPhase section */

/* Begin PBXVariantGroup section */
		B5CCCA1A2197E73700BA216E /* Main.storyboard */ = {
			isa = PBXVariantGroup;
			children = (
				B5CCCA1B2197E73700BA216E /* Base */,
			);
			name = Main.storyboard;
			sourceTree = "<group>";
		};
		B5CCCA1F2197E73A00BA216E /* LaunchScreen.storyboard */ = {
			isa = PBXVariantGroup;
			children = (
				B5CCCA202197E73A00BA216E /* Base */,
			);
			name = LaunchScreen.storyboard;
			sourceTree = "<group>";
		};
/* End PBXVariantGroup section */

/* Begin XCBuildConfiguration section */
		B5CCCA232197E73A00BA216E /* Debug */ = {
			isa = XCBuildConfiguration;
			buildSettings = {
				ALWAYS_SEARCH_USER_PATHS = NO;
				CLANG_ANALYZER_NONNULL = YES;
				CLANG_ANALYZER_NUMBER_OBJECT_CONVERSION = YES_AGGRESSIVE;
				CLANG_CXX_LANGUAGE_STANDARD = "gnu++14";
				CLANG_CXX_LIBRARY = "libc++";
				CLANG_ENABLE_MODULES = YES;
				CLANG_ENABLE_OBJC_ARC = YES;
				CLANG_ENABLE_OBJC_WEAK = YES;
				CLANG_WARN_BLOCK_CAPTURE_AUTORELEASING = YES;
				CLANG_WARN_BOOL_CONVERSION = YES;
				CLANG_WARN_COMMA = YES;
				CLANG_WARN_CONSTANT_CONVERSION = YES;
				CLANG_WARN_DEPRECATED_OBJC_IMPLEMENTATIONS = YES;
				CLANG_WARN_DIRECT_OBJC_ISA_USAGE = YES_ERROR;
				CLANG_WARN_DOCUMENTATION_COMMENTS = YES;
				CLANG_WARN_EMPTY_BODY = YES;
				CLANG_WARN_ENUM_CONVERSION = YES;
				CLANG_WARN_INFINITE_RECURSION = YES;
				CLANG_WARN_INT_CONVERSION = YES;
				CLANG_WARN_NON_LITERAL_NULL_CONVERSION = YES;
				CLANG_WARN_OBJC_IMPLICIT_RETAIN_SELF = YES;
				CLANG_WARN_OBJC_LITERAL_CONVERSION = YES;
				CLANG_WARN_OBJC_ROOT_CLASS = YES_ERROR;
				CLANG_WARN_RANGE_LOOP_ANALYSIS = YES;
				CLANG_WARN_STRICT_PROTOTYPES = YES;
				CLANG_WARN_SUSPICIOUS_MOVE = YES;
				CLANG_WARN_UNGUARDED_AVAILABILITY = YES_AGGRESSIVE;
				CLANG_WARN_UNREACHABLE_CODE = YES;
				CLANG_WARN__DUPLICATE_METHOD_MATCH = YES;
				CODE_SIGN_IDENTITY = "iPhone Developer";
				COPY_PHASE_STRIP = NO;
				DEBUG_INFORMATION_FORMAT = dwarf;
				ENABLE_STRICT_OBJC_MSGSEND = YES;
				ENABLE_TESTABILITY = YES;
				GCC_C_LANGUAGE_STANDARD = gnu11;
				GCC_DYNAMIC_NO_PIC = NO;
				GCC_NO_COMMON_BLOCKS = YES;
				GCC_OPTIMIZATION_LEVEL = 0;
				GCC_PREPROCESSOR_DEFINITIONS = (
					"DEBUG=1",
					"$(inherited)",
				);
				GCC_WARN_64_TO_32_BIT_CONVERSION = YES;
				GCC_WARN_ABOUT_RETURN_TYPE = YES_ERROR;
				GCC_WARN_UNDECLARED_SELECTOR = YES;
				GCC_WARN_UNINITIALIZED_AUTOS = YES_AGGRESSIVE;
				GCC_WARN_UNUSED_FUNCTION = YES;
				GCC_WARN_UNUSED_VARIABLE = YES;
				IPHONEOS_DEPLOYMENT_TARGET = 12.1;
				MTL_ENABLE_DEBUG_INFO = INCLUDE_SOURCE;
				MTL_FAST_MATH = YES;
				ONLY_ACTIVE_ARCH = YES;
				SDKROOT = iphoneos;
				SWIFT_ACTIVE_COMPILATION_CONDITIONS = DEBUG;
				SWIFT_OPTIMIZATION_LEVEL = "-Onone";
			};
			name = Debug;
		};
		B5CCCA242197E73A00BA216E /* Release */ = {
			isa = XCBuildConfiguration;
			buildSettings = {
				ALWAYS_SEARCH_USER_PATHS = NO;
				CLANG_ANALYZER_NONNULL = YES;
				CLANG_ANALYZER_NUMBER_OBJECT_CONVERSION = YES_AGGRESSIVE;
				CLANG_CXX_LANGUAGE_STANDARD = "gnu++14";
				CLANG_CXX_LIBRARY = "libc++";
				CLANG_ENABLE_MODULES = YES;
				CLANG_ENABLE_OBJC_ARC = YES;
				CLANG_ENABLE_OBJC_WEAK = YES;
				CLANG_WARN_BLOCK_CAPTURE_AUTORELEASING = YES;
				CLANG_WARN_BOOL_CONVERSION = YES;
				CLANG_WARN_COMMA = YES;
				CLANG_WARN_CONSTANT_CONVERSION = YES;
				CLANG_WARN_DEPRECATED_OBJC_IMPLEMENTATIONS = YES;
				CLANG_WARN_DIRECT_OBJC_ISA_USAGE = YES_ERROR;
				CLANG_WARN_DOCUMENTATION_COMMENTS = YES;
				CLANG_WARN_EMPTY_BODY = YES;
				CLANG_WARN_ENUM_CONVERSION = YES;
				CLANG_WARN_INFINITE_RECURSION = YES;
				CLANG_WARN_INT_CONVERSION = YES;
				CLANG_WARN_NON_LITERAL_NULL_CONVERSION = YES;
				CLANG_WARN_OBJC_IMPLICIT_RETAIN_SELF = YES;
				CLANG_WARN_OBJC_LITERAL_CONVERSION = YES;
				CLANG_WARN_OBJC_ROOT_CLASS = YES_ERROR;
				CLANG_WARN_RANGE_LOOP_ANALYSIS = YES;
				CLANG_WARN_STRICT_PROTOTYPES = YES;
				CLANG_WARN_SUSPICIOUS_MOVE = YES;
				CLANG_WARN_UNGUARDED_AVAILABILITY = YES_AGGRESSIVE;
				CLANG_WARN_UNREACHABLE_CODE = YES;
				CLANG_WARN__DUPLICATE_METHOD_MATCH = YES;
				CODE_SIGN_IDENTITY = "iPhone Developer";
				COPY_PHASE_STRIP = NO;
				DEBUG_INFORMATION_FORMAT = "dwarf-with-dsym";
				ENABLE_NS_ASSERTIONS = NO;
				ENABLE_STRICT_OBJC_MSGSEND = YES;
				GCC_C_LANGUAGE_STANDARD = gnu11;
				GCC_NO_COMMON_BLOCKS = YES;
				GCC_WARN_64_TO_32_BIT_CONVERSION = YES;
				GCC_WARN_ABOUT_RETURN_TYPE = YES_ERROR;
				GCC_WARN_UNDECLARED_SELECTOR = YES;
				GCC_WARN_UNINITIALIZED_AUTOS = YES_AGGRESSIVE;
				GCC_WARN_UNUSED_FUNCTION = YES;
				GCC_WARN_UNUSED_VARIABLE = YES;
				IPHONEOS_DEPLOYMENT_TARGET = 12.1;
				MTL_ENABLE_DEBUG_INFO = NO;
				MTL_FAST_MATH = YES;
				SDKROOT = iphoneos;
				SWIFT_COMPILATION_MODE = wholemodule;
				SWIFT_OPTIMIZATION_LEVEL = "-O";
				VALIDATE_PRODUCT = YES;
			};
			name = Release;
		};
		B5CCCA262197E73A00BA216E /* Debug */ = {
			isa = XCBuildConfiguration;
			baseConfigurationReference = 6980E48A566AAB9D1C237DB7 /* Pods-smack.debug.xcconfig */;
			buildSettings = {
				ASSETCATALOG_COMPILER_APPICON_NAME = AppIcon;
				CLANG_ENABLE_MODULES = YES;
				CODE_SIGN_STYLE = Automatic;
				DEVELOPMENT_TEAM = Q33X652UWU;
				INFOPLIST_FILE = smack/Info.plist;
				LD_RUNPATH_SEARCH_PATHS = (
					"$(inherited)",
					"@executable_path/Frameworks",
				);
				PRODUCT_BUNDLE_IDENTIFIER = com.seansaoirse.smack;
				PRODUCT_NAME = "$(TARGET_NAME)";
				SWIFT_OBJC_BRIDGING_HEADER = "smack/Supporting Files/smack-Bridging-Header.h";
				SWIFT_OPTIMIZATION_LEVEL = "-Onone";
				SWIFT_VERSION = 4.2;
				TARGETED_DEVICE_FAMILY = "1,2";
			};
			name = Debug;
		};
		B5CCCA272197E73A00BA216E /* Release */ = {
			isa = XCBuildConfiguration;
			baseConfigurationReference = 1505B79F2B38EED98A2B65B1 /* Pods-smack.release.xcconfig */;
			buildSettings = {
				ASSETCATALOG_COMPILER_APPICON_NAME = AppIcon;
				CLANG_ENABLE_MODULES = YES;
				CODE_SIGN_STYLE = Automatic;
				DEVELOPMENT_TEAM = Q33X652UWU;
				INFOPLIST_FILE = smack/Info.plist;
				LD_RUNPATH_SEARCH_PATHS = (
					"$(inherited)",
					"@executable_path/Frameworks",
				);
				PRODUCT_BUNDLE_IDENTIFIER = com.seansaoirse.smack;
				PRODUCT_NAME = "$(TARGET_NAME)";
				SWIFT_OBJC_BRIDGING_HEADER = "smack/Supporting Files/smack-Bridging-Header.h";
				SWIFT_VERSION = 4.2;
				TARGETED_DEVICE_FAMILY = "1,2";
			};
			name = Release;
		};
/* End XCBuildConfiguration section */

/* Begin XCConfigurationList section */
		B5CCCA0E2197E73700BA216E /* Build configuration list for PBXProject "smack" */ = {
			isa = XCConfigurationList;
			buildConfigurations = (
				B5CCCA232197E73A00BA216E /* Debug */,
				B5CCCA242197E73A00BA216E /* Release */,
			);
			defaultConfigurationIsVisible = 0;
			defaultConfigurationName = Release;
		};
		B5CCCA252197E73A00BA216E /* Build configuration list for PBXNativeTarget "smack" */ = {
			isa = XCConfigurationList;
			buildConfigurations = (
				B5CCCA262197E73A00BA216E /* Debug */,
				B5CCCA272197E73A00BA216E /* Release */,
			);
			defaultConfigurationIsVisible = 0;
			defaultConfigurationName = Release;
		};
/* End XCConfigurationList section */
	};
	rootObject = B5CCCA0B2197E73700BA216E /* Project object */;
}
